// !$*UTF8*$!
{
	archiveVersion = 1;
	classes = {
	};
	objectVersion = 56;
	objects = {

/* Begin PBXBuildFile section */
		CF431B392BFD9D6A0023B242 /* ModifyConstraintsViewController.swift in Sources */ = {isa = PBXBuildFile; fileRef = CF431B382BFD9D6A0023B242 /* ModifyConstraintsViewController.swift */; };
		CF431B3B2BFDA12B0023B242 /* CrearConstraintViewController.swift in Sources */ = {isa = PBXBuildFile; fileRef = CF431B3A2BFDA12B0023B242 /* CrearConstraintViewController.swift */; };
		CFB823232BFD4E4200CD0B5C /* AppDelegate.swift in Sources */ = {isa = PBXBuildFile; fileRef = CFB823222BFD4E4200CD0B5C /* AppDelegate.swift */; };
		CFB823252BFD4E4200CD0B5C /* SceneDelegate.swift in Sources */ = {isa = PBXBuildFile; fileRef = CFB823242BFD4E4200CD0B5C /* SceneDelegate.swift */; };
		CFB823272BFD4E4200CD0B5C /* ViewController.swift in Sources */ = {isa = PBXBuildFile; fileRef = CFB823262BFD4E4200CD0B5C /* ViewController.swift */; };
		CFB8232A2BFD4E4200CD0B5C /* Main.storyboard in Resources */ = {isa = PBXBuildFile; fileRef = CFB823282BFD4E4200CD0B5C /* Main.storyboard */; };
		CFB8232C2BFD4E4400CD0B5C /* Assets.xcassets in Resources */ = {isa = PBXBuildFile; fileRef = CFB8232B2BFD4E4400CD0B5C /* Assets.xcassets */; };
		CFB8232F2BFD4E4400CD0B5C /* LaunchScreen.storyboard in Resources */ = {isa = PBXBuildFile; fileRef = CFB8232D2BFD4E4400CD0B5C /* LaunchScreen.storyboard */; };
/* End PBXBuildFile section */

/* Begin PBXFileReference section */
		CF431B382BFD9D6A0023B242 /* ModifyConstraintsViewController.swift */ = {isa = PBXFileReference; lastKnownFileType = sourcecode.swift; path = ModifyConstraintsViewController.swift; sourceTree = "<group>"; };
		CF431B3A2BFDA12B0023B242 /* CrearConstraintViewController.swift */ = {isa = PBXFileReference; lastKnownFileType = sourcecode.swift; path = CrearConstraintViewController.swift; sourceTree = "<group>"; };
		CFB8231F2BFD4E4200CD0B5C /* AdvancedAutoLayout.app */ = {isa = PBXFileReference; explicitFileType = wrapper.application; includeInIndex = 0; path = AdvancedAutoLayout.app; sourceTree = BUILT_PRODUCTS_DIR; };
		CFB823222BFD4E4200CD0B5C /* AppDelegate.swift */ = {isa = PBXFileReference; lastKnownFileType = sourcecode.swift; path = AppDelegate.swift; sourceTree = "<group>"; };
		CFB823242BFD4E4200CD0B5C /* SceneDelegate.swift */ = {isa = PBXFileReference; lastKnownFileType = sourcecode.swift; path = SceneDelegate.swift; sourceTree = "<group>"; };
		CFB823262BFD4E4200CD0B5C /* ViewController.swift */ = {isa = PBXFileReference; lastKnownFileType = sourcecode.swift; path = ViewController.swift; sourceTree = "<group>"; };
		CFB823292BFD4E4200CD0B5C /* Base */ = {isa = PBXFileReference; lastKnownFileType = file.storyboard; name = Base; path = Base.lproj/Main.storyboard; sourceTree = "<group>"; };
		CFB8232B2BFD4E4400CD0B5C /* Assets.xcassets */ = {isa = PBXFileReference; lastKnownFileType = folder.assetcatalog; path = Assets.xcassets; sourceTree = "<group>"; };
		CFB8232E2BFD4E4400CD0B5C /* Base */ = {isa = PBXFileReference; lastKnownFileType = file.storyboard; name = Base; path = Base.lproj/LaunchScreen.storyboard; sourceTree = "<group>"; };
		CFB823302BFD4E4400CD0B5C /* Info.plist */ = {isa = PBXFileReference; lastKnownFileType = text.plist.xml; path = Info.plist; sourceTree = "<group>"; };
/* End PBXFileReference section */

/* Begin PBXFrameworksBuildPhase section */
		CFB8231C2BFD4E4200CD0B5C /* Frameworks */ = {
			isa = PBXFrameworksBuildPhase;
			buildActionMask = 2147483647;
			files = (
			);
			runOnlyForDeploymentPostprocessing = 0;
		};
/* End PBXFrameworksBuildPhase section */

/* Begin PBXGroup section */
		CFB823162BFD4E4200CD0B5C = {
			isa = PBXGroup;
			children = (
				CFB823212BFD4E4200CD0B5C /* AdvancedAutoLayout */,
				CFB823202BFD4E4200CD0B5C /* Products */,
			);
			sourceTree = "<group>";
		};
		CFB823202BFD4E4200CD0B5C /* Products */ = {
			isa = PBXGroup;
			children = (
				CFB8231F2BFD4E4200CD0B5C /* AdvancedAutoLayout.app */,
			);
			name = Products;
			sourceTree = "<group>";
		};
		CFB823212BFD4E4200CD0B5C /* AdvancedAutoLayout */ = {
			isa = PBXGroup;
			children = (
				CFB823222BFD4E4200CD0B5C /* AppDelegate.swift */,
				CFB823242BFD4E4200CD0B5C /* SceneDelegate.swift */,
				CFB823262BFD4E4200CD0B5C /* ViewController.swift */,
				CFB823282BFD4E4200CD0B5C /* Main.storyboard */,
				CFB8232B2BFD4E4400CD0B5C /* Assets.xcassets */,
				CFB8232D2BFD4E4400CD0B5C /* LaunchScreen.storyboard */,
				CFB823302BFD4E4400CD0B5C /* Info.plist */,
				CF431B382BFD9D6A0023B242 /* ModifyConstraintsViewController.swift */,
				CF431B3A2BFDA12B0023B242 /* CrearConstraintViewController.swift */,
			);
			path = AdvancedAutoLayout;
			sourceTree = "<group>";
		};
/* End PBXGroup section */

/* Begin PBXNativeTarget section */
		CFB8231E2BFD4E4200CD0B5C /* AdvancedAutoLayout */ = {
			isa = PBXNativeTarget;
			buildConfigurationList = CFB823332BFD4E4400CD0B5C /* Build configuration list for PBXNativeTarget "AdvancedAutoLayout" */;
			buildPhases = (
				CFB8231B2BFD4E4200CD0B5C /* Sources */,
				CFB8231C2BFD4E4200CD0B5C /* Frameworks */,
				CFB8231D2BFD4E4200CD0B5C /* Resources */,
			);
			buildRules = (
			);
			dependencies = (
			);
			name = AdvancedAutoLayout;
			productName = AdvancedAutoLayout;
			productReference = CFB8231F2BFD4E4200CD0B5C /* AdvancedAutoLayout.app */;
			productType = "com.apple.product-type.application";
		};
/* End PBXNativeTarget section */

/* Begin PBXProject section */
		CFB823172BFD4E4200CD0B5C /* Project object */ = {
			isa = PBXProject;
			attributes = {
				BuildIndependentTargetsInParallel = 1;
				LastSwiftUpdateCheck = 1430;
				LastUpgradeCheck = 1430;
				TargetAttributes = {
					CFB8231E2BFD4E4200CD0B5C = {
						CreatedOnToolsVersion = 14.3.1;
					};
				};
			};
			buildConfigurationList = CFB8231A2BFD4E4200CD0B5C /* Build configuration list for PBXProject "AdvancedAutoLayout" */;
			compatibilityVersion = "Xcode 14.0";
			developmentRegion = en;
			hasScannedForEncodings = 0;
			knownRegions = (
				en,
				Base,
			);
			mainGroup = CFB823162BFD4E4200CD0B5C;
			productRefGroup = CFB823202BFD4E4200CD0B5C /* Products */;
			projectDirPath = "";
			projectRoot = "";
			targets = (
				CFB8231E2BFD4E4200CD0B5C /* AdvancedAutoLayout */,
			);
		};
/* End PBXProject section */

/* Begin PBXResourcesBuildPhase section */
		CFB8231D2BFD4E4200CD0B5C /* Resources */ = {
			isa = PBXResourcesBuildPhase;
			buildActionMask = 2147483647;
			files = (
				CFB8232F2BFD4E4400CD0B5C /* LaunchScreen.storyboard in Resources */,
				CFB8232C2BFD4E4400CD0B5C /* Assets.xcassets in Resources */,
				CFB8232A2BFD4E4200CD0B5C /* Main.storyboard in Resources */,
			);
			runOnlyForDeploymentPostprocessing = 0;
		};
/* End PBXResourcesBuildPhase section */

/* Begin PBXSourcesBuildPhase section */
		CFB8231B2BFD4E4200CD0B5C /* Sources */ = {
			isa = PBXSourcesBuildPhase;
			buildActionMask = 2147483647;
			files = (
				CFB823272BFD4E4200CD0B5C /* ViewController.swift in Sources */,
				CFB823232BFD4E4200CD0B5C /* AppDelegate.swift in Sources */,
				CFB823252BFD4E4200CD0B5C /* SceneDelegate.swift in Sources */,
				CF431B392BFD9D6A0023B242 /* ModifyConstraintsViewController.swift in Sources */,
				CF431B3B2BFDA12B0023B242 /* CrearConstraintViewController.swift in Sources */,
			);
			runOnlyForDeploymentPostprocessing = 0;
		};
/* End PBXSourcesBuildPhase section */

/* Begin PBXVariantGroup section */
		CFB823282BFD4E4200CD0B5C /* Main.storyboard */ = {
			isa = PBXVariantGroup;
			children = (
				CFB823292BFD4E4200CD0B5C /* Base */,
			);
			name = Main.storyboard;
			sourceTree = "<group>";
		};
		CFB8232D2BFD4E4400CD0B5C /* LaunchScreen.storyboard */ = {
			isa = PBXVariantGroup;
			children = (
				CFB8232E2BFD4E4400CD0B5C /* Base */,
			);
			name = LaunchScreen.storyboard;
			sourceTree = "<group>";
		};
/* End PBXVariantGroup section */

/* Begin XCBuildConfiguration section */
		CFB823312BFD4E4400CD0B5C /* Debug */ = {
			isa = XCBuildConfiguration;
			buildSettings = {
				ALWAYS_SEARCH_USER_PATHS = NO;
				CLANG_ANALYZER_NONNULL = YES;
				CLANG_ANALYZER_NUMBER_OBJECT_CONVERSION = YES_AGGRESSIVE;
				CLANG_CXX_LANGUAGE_STANDARD = "gnu++20";
				CLANG_ENABLE_MODULES = YES;
				CLANG_ENABLE_OBJC_ARC = YES;
				CLANG_ENABLE_OBJC_WEAK = YES;
				CLANG_WARN_BLOCK_CAPTURE_AUTORELEASING = YES;
				CLANG_WARN_BOOL_CONVERSION = YES;
				CLANG_WARN_COMMA = YES;
				CLANG_WARN_CONSTANT_CONVERSION = YES;
				CLANG_WARN_DEPRECATED_OBJC_IMPLEMENTATIONS = YES;
				CLANG_WARN_DIRECT_OBJC_ISA_USAGE = YES_ERROR;
				CLANG_WARN_DOCUMENTATION_COMMENTS = YES;
				CLANG_WARN_EMPTY_BODY = YES;
				CLANG_WARN_ENUM_CONVERSION = YES;
				CLANG_WARN_INFINITE_RECURSION = YES;
				CLANG_WARN_INT_CONVERSION = YES;
				CLANG_WARN_NON_LITERAL_NULL_CONVERSION = YES;
				CLANG_WARN_OBJC_IMPLICIT_RETAIN_SELF = YES;
				CLANG_WARN_OBJC_LITERAL_CONVERSION = YES;
				CLANG_WARN_OBJC_ROOT_CLASS = YES_ERROR;
				CLANG_WARN_QUOTED_INCLUDE_IN_FRAMEWORK_HEADER = YES;
				CLANG_WARN_RANGE_LOOP_ANALYSIS = YES;
				CLANG_WARN_STRICT_PROTOTYPES = YES;
				CLANG_WARN_SUSPICIOUS_MOVE = YES;
				CLANG_WARN_UNGUARDED_AVAILABILITY = YES_AGGRESSIVE;
				CLANG_WARN_UNREACHABLE_CODE = YES;
				CLANG_WARN__DUPLICATE_METHOD_MATCH = YES;
				COPY_PHASE_STRIP = NO;
				DEBUG_INFORMATION_FORMAT = dwarf;
				ENABLE_STRICT_OBJC_MSGSEND = YES;
				ENABLE_TESTABILITY = YES;
				GCC_C_LANGUAGE_STANDARD = gnu11;
				GCC_DYNAMIC_NO_PIC = NO;
				GCC_NO_COMMON_BLOCKS = YES;
				GCC_OPTIMIZATION_LEVEL = 0;
				GCC_PREPROCESSOR_DEFINITIONS = (
					"DEBUG=1",
					"$(inherited)",
				);
				GCC_WARN_64_TO_32_BIT_CONVERSION = YES;
				GCC_WARN_ABOUT_RETURN_TYPE = YES_ERROR;
				GCC_WARN_UNDECLARED_SELECTOR = YES;
				GCC_WARN_UNINITIALIZED_AUTOS = YES_AGGRESSIVE;
				GCC_WARN_UNUSED_FUNCTION = YES;
				GCC_WARN_UNUSED_VARIABLE = YES;
				IPHONEOS_DEPLOYMENT_TARGET = 16.4;
				MTL_ENABLE_DEBUG_INFO = INCLUDE_SOURCE;
				MTL_FAST_MATH = YES;
				ONLY_ACTIVE_ARCH = YES;
				SDKROOT = iphoneos;
				SWIFT_ACTIVE_COMPILATION_CONDITIONS = DEBUG;
				SWIFT_OPTIMIZATION_LEVEL = "-Onone";
			};
			name = Debug;
		};
		CFB823322BFD4E4400CD0B5C /* Release */ = {
			isa = XCBuildConfiguration;
			buildSettings = {
				ALWAYS_SEARCH_USER_PATHS = NO;
				CLANG_ANALYZER_NONNULL = YES;
				CLANG_ANALYZER_NUMBER_OBJECT_CONVERSION = YES_AGGRESSIVE;
				CLANG_CXX_LANGUAGE_STANDARD = "gnu++20";
				CLANG_ENABLE_MODULES = YES;
				CLANG_ENABLE_OBJC_ARC = YES;
				CLANG_ENABLE_OBJC_WEAK = YES;
				CLANG_WARN_BLOCK_CAPTURE_AUTORELEASING = YES;
				CLANG_WARN_BOOL_CONVERSION = YES;
				CLANG_WARN_COMMA = YES;
				CLANG_WARN_CONSTANT_CONVERSION = YES;
				CLANG_WARN_DEPRECATED_OBJC_IMPLEMENTATIONS = YES;
				CLANG_WARN_DIRECT_OBJC_ISA_USAGE = YES_ERROR;
				CLANG_WARN_DOCUMENTATION_COMMENTS = YES;
				CLANG_WARN_EMPTY_BODY = YES;
				CLANG_WARN_ENUM_CONVERSION = YES;
				CLANG_WARN_INFINITE_RECURSION = YES;
				CLANG_WARN_INT_CONVERSION = YES;
				CLANG_WARN_NON_LITERAL_NULL_CONVERSION = YES;
				CLANG_WARN_OBJC_IMPLICIT_RETAIN_SELF = YES;
				CLANG_WARN_OBJC_LITERAL_CONVERSION = YES;
				CLANG_WARN_OBJC_ROOT_CLASS = YES_ERROR;
				CLANG_WARN_QUOTED_INCLUDE_IN_FRAMEWORK_HEADER = YES;
				CLANG_WARN_RANGE_LOOP_ANALYSIS = YES;
				CLANG_WARN_STRICT_PROTOTYPES = YES;
				CLANG_WARN_SUSPICIOUS_MOVE = YES;
				CLANG_WARN_UNGUARDED_AVAILABILITY = YES_AGGRESSIVE;
				CLANG_WARN_UNREACHABLE_CODE = YES;
				CLANG_WARN__DUPLICATE_METHOD_MATCH = YES;
				COPY_PHASE_STRIP = NO;
				DEBUG_INFORMATION_FORMAT = "dwarf-with-dsym";
				ENABLE_NS_ASSERTIONS = NO;
				ENABLE_STRICT_OBJC_MSGSEND = YES;
				GCC_C_LANGUAGE_STANDARD = gnu11;
				GCC_NO_COMMON_BLOCKS = YES;
				GCC_WARN_64_TO_32_BIT_CONVERSION = YES;
				GCC_WARN_ABOUT_RETURN_TYPE = YES_ERROR;
				GCC_WARN_UNDECLARED_SELECTOR = YES;
				GCC_WARN_UNINITIALIZED_AUTOS = YES_AGGRESSIVE;
				GCC_WARN_UNUSED_FUNCTION = YES;
				GCC_WARN_UNUSED_VARIABLE = YES;
				IPHONEOS_DEPLOYMENT_TARGET = 16.4;
				MTL_ENABLE_DEBUG_INFO = NO;
				MTL_FAST_MATH = YES;
				SDKROOT = iphoneos;
				SWIFT_COMPILATION_MODE = wholemodule;
				SWIFT_OPTIMIZATION_LEVEL = "-O";
				VALIDATE_PRODUCT = YES;
			};
			name = Release;
		};
		CFB823342BFD4E4400CD0B5C /* Debug */ = {
			isa = XCBuildConfiguration;
			buildSettings = {
				ASSETCATALOG_COMPILER_APPICON_NAME = AppIcon;
				ASSETCATALOG_COMPILER_GLOBAL_ACCENT_COLOR_NAME = AccentColor;
				CODE_SIGN_STYLE = Automatic;
				CURRENT_PROJECT_VERSION = 1;
				DEVELOPMENT_TEAM = C7GD966W9M;
				GENERATE_INFOPLIST_FILE = YES;
				INFOPLIST_FILE = AdvancedAutoLayout/Info.plist;
				INFOPLIST_KEY_UIApplicationSupportsIndirectInputEvents = YES;
				INFOPLIST_KEY_UILaunchStoryboardName = LaunchScreen;
				INFOPLIST_KEY_UIMainStoryboardFile = Main;
				INFOPLIST_KEY_UISupportedInterfaceOrientations_iPad = "UIInterfaceOrientationPortrait UIInterfaceOrientationPortraitUpsideDown UIInterfaceOrientationLandscapeLeft UIInterfaceOrientationLandscapeRight";
				INFOPLIST_KEY_UISupportedInterfaceOrientations_iPhone = "UIInterfaceOrientationPortrait UIInterfaceOrientationLandscapeLeft UIInterfaceOrientationLandscapeRight";
				LD_RUNPATH_SEARCH_PATHS = (
					"$(inherited)",
					"@executable_path/Frameworks",
				);
				MARKETING_VERSION = 1.0;
				PRODUCT_BUNDLE_IDENTIFIER = ejercicios.curso.ios.advanced.autolayout.AdvancedAutoLayout;
				PRODUCT_NAME = "$(TARGET_NAME)";
				SWIFT_EMIT_LOC_STRINGS = YES;
				SWIFT_VERSION = 5.0;
				TARGETED_DEVICE_FAMILY = "1,2";
			};
			name = Debug;
		};
		CFB823352BFD4E4400CD0B5C /* Release */ = {
			isa = XCBuildConfiguration;
			buildSettings = {
				ASSETCATALOG_COMPILER_APPICON_NAME = AppIcon;
				ASSETCATALOG_COMPILER_GLOBAL_ACCENT_COLOR_NAME = AccentColor;
				CODE_SIGN_STYLE = Automatic;
				CURRENT_PROJECT_VERSION = 1;
				DEVELOPMENT_TEAM = C7GD966W9M;
				GENERATE_INFOPLIST_FILE = YES;
				INFOPLIST_FILE = AdvancedAutoLayout/Info.plist;
				INFOPLIST_KEY_UIApplicationSupportsIndirectInputEvents = YES;
				INFOPLIST_KEY_UILaunchStoryboardName = LaunchScreen;
				INFOPLIST_KEY_UIMainStoryboardFile = Main;
				INFOPLIST_KEY_UISupportedInterfaceOrientations_iPad = "UIInterfaceOrientationPortrait UIInterfaceOrientationPortraitUpsideDown UIInterfaceOrientationLandscapeLeft UIInterfaceOrientationLandscapeRight";
				INFOPLIST_KEY_UISupportedInterfaceOrientations_iPhone = "UIInterfaceOrientationPortrait UIInterfaceOrientationLandscapeLeft UIInterfaceOrientationLandscapeRight";
				LD_RUNPATH_SEARCH_PATHS = (
					"$(inherited)",
					"@executable_path/Frameworks",
				);
				MARKETING_VERSION = 1.0;
				PRODUCT_BUNDLE_IDENTIFIER = ejercicios.curso.ios.advanced.autolayout.AdvancedAutoLayout;
				PRODUCT_NAME = "$(TARGET_NAME)";
				SWIFT_EMIT_LOC_STRINGS = YES;
				SWIFT_VERSION = 5.0;
				TARGETED_DEVICE_FAMILY = "1,2";
			};
			name = Release;
		};
/* End XCBuildConfiguration section */

/* Begin XCConfigurationList section */
		CFB8231A2BFD4E4200CD0B5C /* Build configuration list for PBXProject "AdvancedAutoLayout" */ = {
			isa = XCConfigurationList;
			buildConfigurations = (
				CFB823312BFD4E4400CD0B5C /* Debug */,
				CFB823322BFD4E4400CD0B5C /* Release */,
			);
			defaultConfigurationIsVisible = 0;
			defaultConfigurationName = Release;
		};
		CFB823332BFD4E4400CD0B5C /* Build configuration list for PBXNativeTarget "AdvancedAutoLayout" */ = {
			isa = XCConfigurationList;
			buildConfigurations = (
				CFB823342BFD4E4400CD0B5C /* Debug */,
				CFB823352BFD4E4400CD0B5C /* Release */,
			);
			defaultConfigurationIsVisible = 0;
			defaultConfigurationName = Release;
		};
/* End XCConfigurationList section */
	};
	rootObject = CFB823172BFD4E4200CD0B5C /* Project object */;
}
